
Microsoft Visual Studio Solution File, Format Version 12.00
# Visual Studio Version 16
VisualStudioVersion = 16.0.30320.27
MinimumVisualStudioVersion = 10.0.40219.1
Project("{8BC9CEB8-8B4A-11D0-8D11-00A0C91BC942}") = "base", "base\base.vcxproj", "{0FF33D9E-7412-4201-9484-4232D57CC0EE}"
EndProject
Project("{8BC9CEB8-8B4A-11D0-8D11-00A0C91BC942}") = "typelists", "typelists\typelists.vcxproj", "{AFF2E191-49EF-48AD-898F-0FB9A63117E1}"
EndProject
Project("{2150E333-8FDC-42A3-9474-1A3956D46DE8}") = "test", "test", "{D7C1A0AF-80C6-491D-B666-425340985344}"
EndProject
Project("{2150E333-8FDC-42A3-9474-1A3956D46DE8}") = "unittest", "unittest", "{5335B33F-C059-47EB-8D32-889D3D98B629}"
EndProject
Project("{8BC9CEB8-8B4A-11D0-8D11-00A0C91BC942}") = "typelists_unittest", "unittest\typelists_unittest\typelists_unittest.vcxproj", "{59173674-9687-44E1-B8EF-DEF673D42D38}"
EndProject
Project("{8BC9CEB8-8B4A-11D0-8D11-00A0C91BC942}") = "parse", "parse\parse.vcxproj", "{2A4AEF7F-E836-41FC-AE32-6C27D163BF3B}"
EndProject
Project("{8BC9CEB8-8B4A-11D0-8D11-00A0C91BC942}") = "utils", "utils\utils.vcxproj", "{24F75163-AEBE-4866-85E2-7D70FB872C70}"
EndProject
Project("{8BC9CEB8-8B4A-11D0-8D11-00A0C91BC942}") = "typelists_test", "test\typelist_utils_test\typelist_utils_test.vcxproj", "{99C6702C-58B7-49B9-8BE8-B61343FA7C24}"
EndProject
Project("{8BC9CEB8-8B4A-11D0-8D11-00A0C91BC942}") = "utils_unittest", "unittest\utils_unittest\utils_unittest.vcxproj", "{BD62633F-908F-4FCB-AB85-DF75B06CDBE8}"
EndProject
Project("{8BC9CEB8-8B4A-11D0-8D11-00A0C91BC942}") = "mpl", "mpl\mpl.vcxproj", "{B567D8BA-554E-46FC-B5ED-210E258E823A}"
EndProject
Project("{8BC9CEB8-8B4A-11D0-8D11-00A0C91BC942}") = "wheels", "wheels\wheels.vcxproj", "{02CBDFE2-B48A-4BE1-A827-19833F61A06F}"
EndProject
Project("{8BC9CEB8-8B4A-11D0-8D11-00A0C91BC942}") = "wheels_test", "test\wheels_test\wheels_test.vcxproj", "{7D932D62-DA22-4D27-AD3F-71BAF13D55A4}"
EndProject
Global
	GlobalSection(SolutionConfigurationPlatforms) = preSolution
		Debug|x64 = Debug|x64
		Debug|x86 = Debug|x86
		Release|x64 = Release|x64
		Release|x86 = Release|x86
	EndGlobalSection
	GlobalSection(ProjectConfigurationPlatforms) = postSolution
		{0FF33D9E-7412-4201-9484-4232D57CC0EE}.Debug|x64.ActiveCfg = Debug|x64
		{0FF33D9E-7412-4201-9484-4232D57CC0EE}.Debug|x64.Build.0 = Debug|x64
		{0FF33D9E-7412-4201-9484-4232D57CC0EE}.Debug|x86.ActiveCfg = Debug|Win32
		{0FF33D9E-7412-4201-9484-4232D57CC0EE}.Debug|x86.Build.0 = Debug|Win32
		{0FF33D9E-7412-4201-9484-4232D57CC0EE}.Release|x64.ActiveCfg = Release|x64
		{0FF33D9E-7412-4201-9484-4232D57CC0EE}.Release|x64.Build.0 = Release|x64
		{0FF33D9E-7412-4201-9484-4232D57CC0EE}.Release|x86.ActiveCfg = Release|Win32
		{0FF33D9E-7412-4201-9484-4232D57CC0EE}.Release|x86.Build.0 = Release|Win32
		{AFF2E191-49EF-48AD-898F-0FB9A63117E1}.Debug|x64.ActiveCfg = Debug|x64
		{AFF2E191-49EF-48AD-898F-0FB9A63117E1}.Debug|x64.Build.0 = Debug|x64
		{AFF2E191-49EF-48AD-898F-0FB9A63117E1}.Debug|x86.ActiveCfg = Debug|Win32
		{AFF2E191-49EF-48AD-898F-0FB9A63117E1}.Debug|x86.Build.0 = Debug|Win32
		{AFF2E191-49EF-48AD-898F-0FB9A63117E1}.Release|x64.ActiveCfg = Release|x64
		{AFF2E191-49EF-48AD-898F-0FB9A63117E1}.Release|x64.Build.0 = Release|x64
		{AFF2E191-49EF-48AD-898F-0FB9A63117E1}.Release|x86.ActiveCfg = Release|Win32
		{AFF2E191-49EF-48AD-898F-0FB9A63117E1}.Release|x86.Build.0 = Release|Win32
		{59173674-9687-44E1-B8EF-DEF673D42D38}.Debug|x64.ActiveCfg = Debug|x64
		{59173674-9687-44E1-B8EF-DEF673D42D38}.Debug|x64.Build.0 = Debug|x64
		{59173674-9687-44E1-B8EF-DEF673D42D38}.Debug|x86.ActiveCfg = Debug|Win32
		{59173674-9687-44E1-B8EF-DEF673D42D38}.Debug|x86.Build.0 = Debug|Win32
		{59173674-9687-44E1-B8EF-DEF673D42D38}.Release|x64.ActiveCfg = Release|x64
		{59173674-9687-44E1-B8EF-DEF673D42D38}.Release|x64.Build.0 = Release|x64
		{59173674-9687-44E1-B8EF-DEF673D42D38}.Release|x86.ActiveCfg = Release|Win32
		{59173674-9687-44E1-B8EF-DEF673D42D38}.Release|x86.Build.0 = Release|Win32
		{2A4AEF7F-E836-41FC-AE32-6C27D163BF3B}.Debug|x64.ActiveCfg = Debug|x64
		{2A4AEF7F-E836-41FC-AE32-6C27D163BF3B}.Debug|x64.Build.0 = Debug|x64
		{2A4AEF7F-E836-41FC-AE32-6C27D163BF3B}.Debug|x86.ActiveCfg = Debug|Win32
		{2A4AEF7F-E836-41FC-AE32-6C27D163BF3B}.Debug|x86.Build.0 = Debug|Win32
		{2A4AEF7F-E836-41FC-AE32-6C27D163BF3B}.Release|x64.ActiveCfg = Release|x64
		{2A4AEF7F-E836-41FC-AE32-6C27D163BF3B}.Release|x64.Build.0 = Release|x64
		{2A4AEF7F-E836-41FC-AE32-6C27D163BF3B}.Release|x86.ActiveCfg = Release|Win32
		{2A4AEF7F-E836-41FC-AE32-6C27D163BF3B}.Release|x86.Build.0 = Release|Win32
		{24F75163-AEBE-4866-85E2-7D70FB872C70}.Debug|x64.ActiveCfg = Debug|x64
		{24F75163-AEBE-4866-85E2-7D70FB872C70}.Debug|x64.Build.0 = Debug|x64
		{24F75163-AEBE-4866-85E2-7D70FB872C70}.Debug|x86.ActiveCfg = Debug|Win32
		{24F75163-AEBE-4866-85E2-7D70FB872C70}.Debug|x86.Build.0 = Debug|Win32
		{24F75163-AEBE-4866-85E2-7D70FB872C70}.Release|x64.ActiveCfg = Release|x64
		{24F75163-AEBE-4866-85E2-7D70FB872C70}.Release|x64.Build.0 = Release|x64
		{24F75163-AEBE-4866-85E2-7D70FB872C70}.Release|x86.ActiveCfg = Release|Win32
		{24F75163-AEBE-4866-85E2-7D70FB872C70}.Release|x86.Build.0 = Release|Win32
		{99C6702C-58B7-49B9-8BE8-B61343FA7C24}.Debug|x64.ActiveCfg = Debug|x64
		{99C6702C-58B7-49B9-8BE8-B61343FA7C24}.Debug|x64.Build.0 = Debug|x64
		{99C6702C-58B7-49B9-8BE8-B61343FA7C24}.Debug|x86.ActiveCfg = Debug|Win32
		{99C6702C-58B7-49B9-8BE8-B61343FA7C24}.Debug|x86.Build.0 = Debug|Win32
		{99C6702C-58B7-49B9-8BE8-B61343FA7C24}.Release|x64.ActiveCfg = Release|x64
		{99C6702C-58B7-49B9-8BE8-B61343FA7C24}.Release|x64.Build.0 = Release|x64
		{99C6702C-58B7-49B9-8BE8-B61343FA7C24}.Release|x86.ActiveCfg = Release|Win32
		{99C6702C-58B7-49B9-8BE8-B61343FA7C24}.Release|x86.Build.0 = Release|Win32
		{BD62633F-908F-4FCB-AB85-DF75B06CDBE8}.Debug|x64.ActiveCfg = Debug|x64
		{BD62633F-908F-4FCB-AB85-DF75B06CDBE8}.Debug|x64.Build.0 = Debug|x64
		{BD62633F-908F-4FCB-AB85-DF75B06CDBE8}.Debug|x86.ActiveCfg = Debug|Win32
		{BD62633F-908F-4FCB-AB85-DF75B06CDBE8}.Debug|x86.Build.0 = Debug|Win32
		{BD62633F-908F-4FCB-AB85-DF75B06CDBE8}.Release|x64.ActiveCfg = Release|x64
		{BD62633F-908F-4FCB-AB85-DF75B06CDBE8}.Release|x64.Build.0 = Release|x64
		{BD62633F-908F-4FCB-AB85-DF75B06CDBE8}.Release|x86.ActiveCfg = Release|Win32
		{BD62633F-908F-4FCB-AB85-DF75B06CDBE8}.Release|x86.Build.0 = Release|Win32
		{B567D8BA-554E-46FC-B5ED-210E258E823A}.Debug|x64.ActiveCfg = Debug|x64
		{B567D8BA-554E-46FC-B5ED-210E258E823A}.Debug|x64.Build.0 = Debug|x64
		{B567D8BA-554E-46FC-B5ED-210E258E823A}.Debug|x86.ActiveCfg = Debug|Win32
		{B567D8BA-554E-46FC-B5ED-210E258E823A}.Debug|x86.Build.0 = Debug|Win32
		{B567D8BA-554E-46FC-B5ED-210E258E823A}.Release|x64.ActiveCfg = Release|x64
		{B567D8BA-554E-46FC-B5ED-210E258E823A}.Release|x64.Build.0 = Release|x64
		{B567D8BA-554E-46FC-B5ED-210E258E823A}.Release|x86.ActiveCfg = Release|Win32
		{B567D8BA-554E-46FC-B5ED-210E258E823A}.Release|x86.Build.0 = Release|Win32
		{02CBDFE2-B48A-4BE1-A827-19833F61A06F}.Debug|x64.ActiveCfg = Debug|x64
		{02CBDFE2-B48A-4BE1-A827-19833F61A06F}.Debug|x64.Build.0 = Debug|x64
		{02CBDFE2-B48A-4BE1-A827-19833F61A06F}.Debug|x86.ActiveCfg = Debug|Win32
		{02CBDFE2-B48A-4BE1-A827-19833F61A06F}.Debug|x86.Build.0 = Debug|Win32
		{02CBDFE2-B48A-4BE1-A827-19833F61A06F}.Release|x64.ActiveCfg = Release|x64
		{02CBDFE2-B48A-4BE1-A827-19833F61A06F}.Release|x64.Build.0 = Release|x64
		{02CBDFE2-B48A-4BE1-A827-19833F61A06F}.Release|x86.ActiveCfg = Release|Win32
		{02CBDFE2-B48A-4BE1-A827-19833F61A06F}.Release|x86.Build.0 = Release|Win32
		{7D932D62-DA22-4D27-AD3F-71BAF13D55A4}.Debug|x64.ActiveCfg = Debug|x64
		{7D932D62-DA22-4D27-AD3F-71BAF13D55A4}.Debug|x64.Build.0 = Debug|x64
		{7D932D62-DA22-4D27-AD3F-71BAF13D55A4}.Debug|x86.ActiveCfg = Debug|Win32
		{7D932D62-DA22-4D27-AD3F-71BAF13D55A4}.Debug|x86.Build.0 = Debug|Win32
		{7D932D62-DA22-4D27-AD3F-71BAF13D55A4}.Release|x64.ActiveCfg = Release|x64
		{7D932D62-DA22-4D27-AD3F-71BAF13D55A4}.Release|x64.Build.0 = Release|x64
		{7D932D62-DA22-4D27-AD3F-71BAF13D55A4}.Release|x86.ActiveCfg = Release|Win32
		{7D932D62-DA22-4D27-AD3F-71BAF13D55A4}.Release|x86.Build.0 = Release|Win32
	EndGlobalSection
	GlobalSection(SolutionProperties) = preSolution
		HideSolutionNode = FALSE
	EndGlobalSection
	GlobalSection(NestedProjects) = preSolution
		{59173674-9687-44E1-B8EF-DEF673D42D38} = {5335B33F-C059-47EB-8D32-889D3D98B629}
		{99C6702C-58B7-49B9-8BE8-B61343FA7C24} = {D7C1A0AF-80C6-491D-B666-425340985344}
		{BD62633F-908F-4FCB-AB85-DF75B06CDBE8} = {5335B33F-C059-47EB-8D32-889D3D98B629}
		{7D932D62-DA22-4D27-AD3F-71BAF13D55A4} = {D7C1A0AF-80C6-491D-B666-425340985344}
	EndGlobalSection
	GlobalSection(ExtensibilityGlobals) = postSolution
		SolutionGuid = {2A70CA18-667B-4929-A8D3-DFD0B439DA2D}
	EndGlobalSection
EndGlobal
